{
  "name": "@the-stations-project/bridge",
  "version": "0.0.1-alpha",
  "lockfileVersion": 3,
  "requires": true,
  "packages": {
    "": {
      "name": "@the-stations-project/bridge",
      "version": "0.0.1-alpha",
      "license": "MIT",
      "dependencies": {
        "@the-stations-project/sdk": "^0.1.8-beta",
        "@types/node": "^18.13.0"
      },
      "bin": {
        "bridge": "index.js"
      }
    },
    "node_modules/@the-stations-project/sdk": {
      "version": "0.1.8-beta",
      "resolved": "https://registry.npmjs.org/@the-stations-project/sdk/-/sdk-0.1.8-beta.tgz",
      "integrity": "sha512-/lKmyCxN8PEP8i75oYVAk4EcYCl70nG7asoQ6+SrGU5l27ERjRMogydAoUElUTDZAWDk4WL3vRlxVGHb5h8DyA==",
      "dependencies": {
        "@types/node": "^18.11.19"
      }
    },
    "node_modules/@types/node": {
      "version": "18.13.0",
      "resolved": "https://registry.npmjs.org/@types/node/-/node-18.13.0.tgz",
      "integrity": "sha512-gC3TazRzGoOnoKAhUx+Q0t8S9Tzs74z7m0ipwGpSqQrleP14hKxP4/JUeEQcD3W1/aIpnWl8pHowI7WokuZpXg=="
    }
  }
}
